// !$*UTF8*$!
{
	archiveVersion = 1;
	classes = {
	};
	objectVersion = 50;
	objects = {

/* Begin PBXBuildFile section */
		45F6329725B9C1C600CE0188 /* main.cpp in Sources */ = {isa = PBXBuildFile; fileRef = 45F6329625B9C1C600CE0188 /* main.cpp */; };
/* End PBXBuildFile section */

/* Begin PBXCopyFilesBuildPhase section */
		45F6327225B9BF4700CE0188 /* CopyFiles */ = {
			isa = PBXCopyFilesBuildPhase;
			buildActionMask = 2147483647;
			dstPath = /usr/share/man/man1/;
			dstSubfolderSpec = 0;
			files = (
			);
			runOnlyForDeploymentPostprocessing = 1;
		};
/* End PBXCopyFilesBuildPhase section */

/* Begin PBXFileReference section */
		45F6327425B9BF4700CE0188 /* ATMSample */ = {isa = PBXFileReference; explicitFileType = "compiled.mach-o.executable"; includeInIndex = 0; path = ATMSample; sourceTree = BUILT_PRODUCTS_DIR; };
		45F6328B25B9C12300CE0188 /* atmmessage.hpp */ = {isa = PBXFileReference; fileEncoding = 4; lastKnownFileType = sourcecode.cpp.h; path = atmmessage.hpp; sourceTree = "<group>"; };
		45F6328C25B9C12300CE0188 /* atmstatement.hpp */ = {isa = PBXFileReference; fileEncoding = 4; lastKnownFileType = sourcecode.cpp.h; path = atmstatement.hpp; sourceTree = "<group>"; };
		45F6328D25B9C12300CE0188 /* bankstatement.hpp */ = {isa = PBXFileReference; fileEncoding = 4; lastKnownFileType = sourcecode.cpp.h; path = bankstatement.hpp; sourceTree = "<group>"; };
		45F6328E25B9C12300CE0188 /* userstatement.hpp */ = {isa = PBXFileReference; fileEncoding = 4; lastKnownFileType = sourcecode.cpp.h; path = userstatement.hpp; sourceTree = "<group>"; };
		45F6328F25B9C13100CE0188 /* messagedispatcher.hpp */ = {isa = PBXFileReference; fileEncoding = 4; lastKnownFileType = sourcecode.cpp.h; path = messagedispatcher.hpp; sourceTree = "<group>"; };
		45F6329025B9C13100CE0188 /* messagesender.hpp */ = {isa = PBXFileReference; fileEncoding = 4; lastKnownFileType = sourcecode.cpp.h; path = messagesender.hpp; sourceTree = "<group>"; };
		45F6329125B9C13100CE0188 /* messagequeue.hpp */ = {isa = PBXFileReference; fileEncoding = 4; lastKnownFileType = sourcecode.cpp.h; path = messagequeue.hpp; sourceTree = "<group>"; };
		45F6329225B9C13100CE0188 /* templatedispatcher.hpp */ = {isa = PBXFileReference; fileEncoding = 4; lastKnownFileType = sourcecode.cpp.h; path = templatedispatcher.hpp; sourceTree = "<group>"; };
		45F6329325B9C13100CE0188 /* messagereceiver.hpp */ = {isa = PBXFileReference; fileEncoding = 4; lastKnownFileType = sourcecode.cpp.h; path = messagereceiver.hpp; sourceTree = "<group>"; };
		45F6329625B9C1C600CE0188 /* main.cpp */ = {isa = PBXFileReference; fileEncoding = 4; lastKnownFileType = sourcecode.cpp.cpp; path = main.cpp; sourceTree = "<group>"; };
/* End PBXFileReference section */

/* Begin PBXFrameworksBuildPhase section */
		45F6327125B9BF4700CE0188 /* Frameworks */ = {
			isa = PBXFrameworksBuildPhase;
			buildActionMask = 2147483647;
			files = (
			);
			runOnlyForDeploymentPostprocessing = 0;
		};
/* End PBXFrameworksBuildPhase section */

/* Begin PBXGroup section */
		45F6326B25B9BF4700CE0188 = {
			isa = PBXGroup;
			children = (
				45F6328825B9C0F000CE0188 /* source */,
				45F6329625B9C1C600CE0188 /* main.cpp */,
				45F6327525B9BF4700CE0188 /* Products */,
			);
			sourceTree = "<group>";
		};
		45F6327525B9BF4700CE0188 /* Products */ = {
			isa = PBXGroup;
			children = (
				45F6327425B9BF4700CE0188 /* ATMSample */,
			);
			name = Products;
			sourceTree = "<group>";
		};
		45F6328825B9C0F000CE0188 /* source */ = {
			isa = PBXGroup;
			children = (
				45F6328A25B9C0FE00CE0188 /* core */,
				45F6328925B9C0F800CE0188 /* misc */,
			);
			path = source;
			sourceTree = "<group>";
		};
		45F6328925B9C0F800CE0188 /* misc */ = {
			isa = PBXGroup;
			children = (
				45F6328F25B9C13100CE0188 /* messagedispatcher.hpp */,
				45F6329125B9C13100CE0188 /* messagequeue.hpp */,
				45F6329325B9C13100CE0188 /* messagereceiver.hpp */,
				45F6329025B9C13100CE0188 /* messagesender.hpp */,
				45F6329225B9C13100CE0188 /* templatedispatcher.hpp */,
			);
			path = misc;
			sourceTree = "<group>";
		};
		45F6328A25B9C0FE00CE0188 /* core */ = {
			isa = PBXGroup;
			children = (
				45F6328B25B9C12300CE0188 /* atmmessage.hpp */,
				45F6328C25B9C12300CE0188 /* atmstatement.hpp */,
				45F6328D25B9C12300CE0188 /* bankstatement.hpp */,
				45F6328E25B9C12300CE0188 /* userstatement.hpp */,
			);
			path = core;
			sourceTree = "<group>";
		};
/* End PBXGroup section */

/* Begin PBXNativeTarget section */
		45F6327325B9BF4700CE0188 /* ATMSample */ = {
			isa = PBXNativeTarget;
			buildConfigurationList = 45F6327B25B9BF4700CE0188 /* Build configuration list for PBXNativeTarget "ATMSample" */;
			buildPhases = (
				45F6327025B9BF4700CE0188 /* Sources */,
				45F6327125B9BF4700CE0188 /* Frameworks */,
				45F6327225B9BF4700CE0188 /* CopyFiles */,
			);
			buildRules = (
			);
			dependencies = (
			);
			name = ATMSample;
			productName = ATMSample;
			productReference = 45F6327425B9BF4700CE0188 /* ATMSample */;
			productType = "com.apple.product-type.tool";
		};
/* End PBXNativeTarget section */

/* Begin PBXProject section */
		45F6326C25B9BF4700CE0188 /* Project object */ = {
			isa = PBXProject;
			attributes = {
				LastUpgradeCheck = 1230;
				TargetAttributes = {
					45F6327325B9BF4700CE0188 = {
						CreatedOnToolsVersion = 12.3;
					};
				};
			};
			buildConfigurationList = 45F6326F25B9BF4700CE0188 /* Build configuration list for PBXProject "ATMSample" */;
			compatibilityVersion = "Xcode 9.3";
			developmentRegion = en;
			hasScannedForEncodings = 0;
			knownRegions = (
				en,
				Base,
			);
			mainGroup = 45F6326B25B9BF4700CE0188;
			productRefGroup = 45F6327525B9BF4700CE0188 /* Products */;
			projectDirPath = "";
			projectRoot = "";
			targets = (
				45F6327325B9BF4700CE0188 /* ATMSample */,
			);
		};
/* End PBXProject section */

/* Begin PBXSourcesBuildPhase section */
		45F6327025B9BF4700CE0188 /* Sources */ = {
			isa = PBXSourcesBuildPhase;
			buildActionMask = 2147483647;
			files = (
				45F6329725B9C1C600CE0188 /* main.cpp in Sources */,
			);
			runOnlyForDeploymentPostprocessing = 0;
		};
/* End PBXSourcesBuildPhase section */

/* Begin XCBuildConfiguration section */
		45F6327925B9BF4700CE0188 /* Debug */ = {
			isa = XCBuildConfiguration;
			buildSettings = {
				ALWAYS_SEARCH_USER_PATHS = NO;
				CLANG_ANALYZER_NONNULL = YES;
				CLANG_ANALYZER_NUMBER_OBJECT_CONVERSION = YES_AGGRESSIVE;
				CLANG_CXX_LANGUAGE_STANDARD = "c++0x";
				CLANG_CXX_LIBRARY = "libc++";
				CLANG_ENABLE_MODULES = YES;
				CLANG_ENABLE_OBJC_ARC = YES;
				CLANG_ENABLE_OBJC_WEAK = YES;
				CLANG_WARN_BLOCK_CAPTURE_AUTORELEASING = YES;
				CLANG_WARN_BOOL_CONVERSION = YES;
				CLANG_WARN_COMMA = YES;
				CLANG_WARN_CONSTANT_CONVERSION = YES;
				CLANG_WARN_DEPRECATED_OBJC_IMPLEMENTATIONS = YES;
				CLANG_WARN_DIRECT_OBJC_ISA_USAGE = YES_ERROR;
				CLANG_WARN_DOCUMENTATION_COMMENTS = YES;
				CLANG_WARN_EMPTY_BODY = YES;
				CLANG_WARN_ENUM_CONVERSION = YES;
				CLANG_WARN_INFINITE_RECURSION = YES;
				CLANG_WARN_INT_CONVERSION = YES;
				CLANG_WARN_NON_LITERAL_NULL_CONVERSION = YES;
				CLANG_WARN_OBJC_IMPLICIT_RETAIN_SELF = YES;
				CLANG_WARN_OBJC_LITERAL_CONVERSION = YES;
				CLANG_WARN_OBJC_ROOT_CLASS = YES_ERROR;
				CLANG_WARN_QUOTED_INCLUDE_IN_FRAMEWORK_HEADER = YES;
				CLANG_WARN_RANGE_LOOP_ANALYSIS = YES;
				CLANG_WARN_STRICT_PROTOTYPES = YES;
				CLANG_WARN_SUSPICIOUS_MOVE = YES;
				CLANG_WARN_UNGUARDED_AVAILABILITY = YES_AGGRESSIVE;
				CLANG_WARN_UNREACHABLE_CODE = YES;
				CLANG_WARN__DUPLICATE_METHOD_MATCH = YES;
				COPY_PHASE_STRIP = NO;
				DEBUG_INFORMATION_FORMAT = dwarf;
				ENABLE_STRICT_OBJC_MSGSEND = YES;
				ENABLE_TESTABILITY = YES;
				GCC_C_LANGUAGE_STANDARD = gnu11;
				GCC_DYNAMIC_NO_PIC = NO;
				GCC_NO_COMMON_BLOCKS = YES;
				GCC_OPTIMIZATION_LEVEL = 0;
				GCC_PREPROCESSOR_DEFINITIONS = (
					"DEBUG=1",
					"$(inherited)",
				);
				GCC_WARN_64_TO_32_BIT_CONVERSION = YES;
				GCC_WARN_ABOUT_RETURN_TYPE = YES_ERROR;
				GCC_WARN_UNDECLARED_SELECTOR = YES;
				GCC_WARN_UNINITIALIZED_AUTOS = YES_AGGRESSIVE;
				GCC_WARN_UNUSED_FUNCTION = YES;
				GCC_WARN_UNUSED_VARIABLE = YES;
				HEADER_SEARCH_PATHS = "source/**";
				MACOSX_DEPLOYMENT_TARGET = 10.15;
				MTL_ENABLE_DEBUG_INFO = INCLUDE_SOURCE;
				MTL_FAST_MATH = YES;
				ONLY_ACTIVE_ARCH = YES;
				SDKROOT = macosx;
			};
			name = Debug;
		};
		45F6327A25B9BF4700CE0188 /* Release */ = {
			isa = XCBuildConfiguration;
			buildSettings = {
				ALWAYS_SEARCH_USER_PATHS = NO;
				CLANG_ANALYZER_NONNULL = YES;
				CLANG_ANALYZER_NUMBER_OBJECT_CONVERSION = YES_AGGRESSIVE;
				CLANG_CXX_LANGUAGE_STANDARD = "c++0x";
				CLANG_CXX_LIBRARY = "libc++";
				CLANG_ENABLE_MODULES = YES;
				CLANG_ENABLE_OBJC_ARC = YES;
				CLANG_ENABLE_OBJC_WEAK = YES;
				CLANG_WARN_BLOCK_CAPTURE_AUTORELEASING = YES;
				CLANG_WARN_BOOL_CONVERSION = YES;
				CLANG_WARN_COMMA = YES;
				CLANG_WARN_CONSTANT_CONVERSION = YES;
				CLANG_WARN_DEPRECATED_OBJC_IMPLEMENTATIONS = YES;
				CLANG_WARN_DIRECT_OBJC_ISA_USAGE = YES_ERROR;
				CLANG_WARN_DOCUMENTATION_COMMENTS = YES;
				CLANG_WARN_EMPTY_BODY = YES;
				CLANG_WARN_ENUM_CONVERSION = YES;
				CLANG_WARN_INFINITE_RECURSION = YES;
				CLANG_WARN_INT_CONVERSION = YES;
				CLANG_WARN_NON_LITERAL_NULL_CONVERSION = YES;
				CLANG_WARN_OBJC_IMPLICIT_RETAIN_SELF = YES;
				CLANG_WARN_OBJC_LITERAL_CONVERSION = YES;
				CLANG_WARN_OBJC_ROOT_CLASS = YES_ERROR;
				CLANG_WARN_QUOTED_INCLUDE_IN_FRAMEWORK_HEADER = YES;
				CLANG_WARN_RANGE_LOOP_ANALYSIS = YES;
				CLANG_WARN_STRICT_PROTOTYPES = YES;
				CLANG_WARN_SUSPICIOUS_MOVE = YES;
				CLANG_WARN_UNGUARDED_AVAILABILITY = YES_AGGRESSIVE;
				CLANG_WARN_UNREACHABLE_CODE = YES;
				CLANG_WARN__DUPLICATE_METHOD_MATCH = YES;
				COPY_PHASE_STRIP = NO;
				DEBUG_INFORMATION_FORMAT = "dwarf-with-dsym";
				ENABLE_NS_ASSERTIONS = NO;
				ENABLE_STRICT_OBJC_MSGSEND = YES;
				GCC_C_LANGUAGE_STANDARD = gnu11;
				GCC_NO_COMMON_BLOCKS = YES;
				GCC_WARN_64_TO_32_BIT_CONVERSION = YES;
				GCC_WARN_ABOUT_RETURN_TYPE = YES_ERROR;
				GCC_WARN_UNDECLARED_SELECTOR = YES;
				GCC_WARN_UNINITIALIZED_AUTOS = YES_AGGRESSIVE;
				GCC_WARN_UNUSED_FUNCTION = YES;
				GCC_WARN_UNUSED_VARIABLE = YES;
				HEADER_SEARCH_PATHS = "source/**";
				MACOSX_DEPLOYMENT_TARGET = 10.15;
				MTL_ENABLE_DEBUG_INFO = NO;
				MTL_FAST_MATH = YES;
				SDKROOT = macosx;
			};
			name = Release;
		};
		45F6327C25B9BF4700CE0188 /* Debug */ = {
			isa = XCBuildConfiguration;
			buildSettings = {
				CODE_SIGN_STYLE = Automatic;
				PRODUCT_NAME = "$(TARGET_NAME)";
			};
			name = Debug;
		};
		45F6327D25B9BF4700CE0188 /* Release */ = {
			isa = XCBuildConfiguration;
			buildSettings = {
				CODE_SIGN_STYLE = Automatic;
				PRODUCT_NAME = "$(TARGET_NAME)";
			};
			name = Release;
		};
/* End XCBuildConfiguration section */

/* Begin XCConfigurationList section */
		45F6326F25B9BF4700CE0188 /* Build configuration list for PBXProject "ATMSample" */ = {
			isa = XCConfigurationList;
			buildConfigurations = (
				45F6327925B9BF4700CE0188 /* Debug */,
				45F6327A25B9BF4700CE0188 /* Release */,
			);
			defaultConfigurationIsVisible = 0;
			defaultConfigurationName = Release;
		};
		45F6327B25B9BF4700CE0188 /* Build configuration list for PBXNativeTarget "ATMSample" */ = {
			isa = XCConfigurationList;
			buildConfigurations = (
				45F6327C25B9BF4700CE0188 /* Debug */,
				45F6327D25B9BF4700CE0188 /* Release */,
			);
			defaultConfigurationIsVisible = 0;
			defaultConfigurationName = Release;
		};
/* End XCConfigurationList section */
	};
	rootObject = 45F6326C25B9BF4700CE0188 /* Project object */;
}
